
Microsoft Visual Studio Solution File, Format Version 12.00
# Visual Studio Version 17
VisualStudioVersion = 17.10.35004.147
MinimumVisualStudioVersion = 10.0.40219.1
Project("{FAE04EC0-301F-11D3-BF4B-00C04F79EFBC}") = "TaskAPI", "TaskAPI.csproj", "{90E8C7F8-15B9-4CE8-B45A-812FC515379C}"
EndProject
Global
	GlobalSection(SolutionConfigurationPlatforms) = preSolution
		Debug|Any CPU = Debug|Any CPU
		Release|Any CPU = Release|Any CPU
	EndGlobalSection
	GlobalSection(ProjectConfigurationPlatforms) = postSolution
		{90E8C7F8-15B9-4CE8-B45A-812FC515379C}.Debug|Any CPU.ActiveCfg = Debug|Any CPU
		{90E8C7F8-15B9-4CE8-B45A-812FC515379C}.Debug|Any CPU.Build.0 = Debug|Any CPU
		{90E8C7F8-15B9-4CE8-B45A-812FC515379C}.Release|Any CPU.ActiveCfg = Release|Any CPU
		{90E8C7F8-15B9-4CE8-B45A-812FC515379C}.Release|Any CPU.Build.0 = Release|Any CPU
	EndGlobalSection
	GlobalSection(SolutionProperties) = preSolution
		HideSolutionNode = FALSE
	EndGlobalSection
	GlobalSection(ExtensibilityGlobals) = postSolution
		SolutionGuid = {736117F7-0CF1-4C0A-BAA3-F6C542319720}
	EndGlobalSection
EndGlobal
